
Microsoft Visual Studio Solution File, Format Version 12.00
# Visual Studio Version 16
VisualStudioVersion = 16.0.31702.278
MinimumVisualStudioVersion = 10.0.40219.1
Project("{FAE04EC0-301F-11D3-BF4B-00C04F79EFBC}") = "Занятие 22", "Занятие 22\Занятие 22.csproj", "{1883C30D-6DC2-473C-AD2A-0EF640B2EC92}"
EndProject
Global
	GlobalSection(SolutionConfigurationPlatforms) = preSolution
		Debug|Any CPU = Debug|Any CPU
		Release|Any CPU = Release|Any CPU
	EndGlobalSection
	GlobalSection(ProjectConfigurationPlatforms) = postSolution
		{1883C30D-6DC2-473C-AD2A-0EF640B2EC92}.Debug|Any CPU.ActiveCfg = Debug|Any CPU
		{1883C30D-6DC2-473C-AD2A-0EF640B2EC92}.Debug|Any CPU.Build.0 = Debug|Any CPU
		{1883C30D-6DC2-473C-AD2A-0EF640B2EC92}.Release|Any CPU.ActiveCfg = Release|Any CPU
		{1883C30D-6DC2-473C-AD2A-0EF640B2EC92}.Release|Any CPU.Build.0 = Release|Any CPU
	EndGlobalSection
	GlobalSection(SolutionProperties) = preSolution
		HideSolutionNode = FALSE
	EndGlobalSection
	GlobalSection(ExtensibilityGlobals) = postSolution
		SolutionGuid = {ABB822F6-975A-424C-86BF-5B4FAFA67E6B}
	EndGlobalSection
EndGlobal
